
Microsoft Visual Studio Solution File, Format Version 12.00
# Visual Studio Version 17
VisualStudioVersion = 17.10.34916.146
MinimumVisualStudioVersion = 10.0.40219.1
Project("{9A19103F-16F7-4668-BE54-9A1E7A4F7556}") = "BlogLiteAPI", "BlogLiteAPI\BlogLiteAPI.csproj", "{D6949545-5358-4101-882B-D8710707DA3A}"
EndProject
Project("{FAE04EC0-301F-11D3-BF4B-00C04F79EFBC}") = "BlogLite.Worker", "BlogLite.Worker\BlogLite.Worker.csproj", "{20F45C70-1B49-4C76-890B-22402F956362}"
EndProject
Global
	GlobalSection(SolutionConfigurationPlatforms) = preSolution
		Debug|Any CPU = Debug|Any CPU
		Release|Any CPU = Release|Any CPU
	EndGlobalSection
	GlobalSection(ProjectConfigurationPlatforms) = postSolution
		{D6949545-5358-4101-882B-D8710707DA3A}.Debug|Any CPU.ActiveCfg = Debug|Any CPU
		{D6949545-5358-4101-882B-D8710707DA3A}.Debug|Any CPU.Build.0 = Debug|Any CPU
		{D6949545-5358-4101-882B-D8710707DA3A}.Release|Any CPU.ActiveCfg = Release|Any CPU
		{D6949545-5358-4101-882B-D8710707DA3A}.Release|Any CPU.Build.0 = Release|Any CPU
		{20F45C70-1B49-4C76-890B-22402F956362}.Debug|Any CPU.ActiveCfg = Debug|Any CPU
		{20F45C70-1B49-4C76-890B-22402F956362}.Debug|Any CPU.Build.0 = Debug|Any CPU
		{20F45C70-1B49-4C76-890B-22402F956362}.Release|Any CPU.ActiveCfg = Release|Any CPU
		{20F45C70-1B49-4C76-890B-22402F956362}.Release|Any CPU.Build.0 = Release|Any CPU
	EndGlobalSection
	GlobalSection(SolutionProperties) = preSolution
		HideSolutionNode = FALSE
	EndGlobalSection
	GlobalSection(ExtensibilityGlobals) = postSolution
		SolutionGuid = {C646B9A1-34B9-43FF-9E6E-9BE28AC562F1}
	EndGlobalSection
EndGlobal
